{
  "version": "5",
  "remote": {
    "https://edge.netlify.com/": "fd941d61d88673d5f28aab283fb86fcc50f08a3bc80ee5470498fcfa88c65cfb",
    "https://edge.netlify.com/bootstrap/config.ts": "6a2ce0e544e15e8f8883a5c18da5948e37fd0f2619f68cb31f3af53c51817025",
    "https://edge.netlify.com/bootstrap/context.ts": "e97240232121e2f369f6546ce961490f34d961ea1ea54be3ff09633e3f08373f",
    "https://edge.netlify.com/bootstrap/cookie.ts": "8b0baae708989ca183c6f3b4ab3d029e6abcbc2e43f93edeb0ff447b3bbc3a05",
    "https://edge.netlify.com/bootstrap/edge_function.ts": "b8253e86aa83c67341f5cfedeba5049d77fbf84dcab7eceff7566b7728ae9b39",
    "https://edge.netlify.com/bootstrap/globals/types.ts": "eaa6148ded3121d8dee62dd91c86e7fe76601df0f3ca8d7962243a30f4c8935f"
  },
  "workspace": {
    "packageJson": {
      "dependencies": [
        "npm:@babel/core@^7.25.2",
        "npm:@expo/html-elements@~0.4.2",
        "npm:@expo/vector-icons@^14.0.4",
        "npm:@gluestack-ui/accordion@^1.0.14",
        "npm:@gluestack-ui/actionsheet@~0.2.52",
        "npm:@gluestack-ui/alert-dialog@~0.1.38",
        "npm:@gluestack-ui/alert@~0.1.16",
        "npm:@gluestack-ui/avatar@~0.1.18",
        "npm:@gluestack-ui/button@^1.0.14",
        "npm:@gluestack-ui/checkbox@~0.1.39",
        "npm:@gluestack-ui/divider@~0.1.10",
        "npm:@gluestack-ui/fab@~0.1.28",
        "npm:@gluestack-ui/form-control@~0.1.19",
        "npm:@gluestack-ui/icon@~0.1.26",
        "npm:@gluestack-ui/image@~0.1.17",
        "npm:@gluestack-ui/input@~0.1.38",
        "npm:@gluestack-ui/link@~0.1.29",
        "npm:@gluestack-ui/menu@~0.2.43",
        "npm:@gluestack-ui/modal@~0.1.41",
        "npm:@gluestack-ui/nativewind-utils@^1.0.26",
        "npm:@gluestack-ui/overlay@~0.1.22",
        "npm:@gluestack-ui/popover@~0.1.49",
        "npm:@gluestack-ui/pressable@~0.1.23",
        "npm:@gluestack-ui/progress@~0.1.18",
        "npm:@gluestack-ui/radio@~0.1.40",
        "npm:@gluestack-ui/select@~0.1.31",
        "npm:@gluestack-ui/slider@~0.1.32",
        "npm:@gluestack-ui/spinner@~0.1.15",
        "npm:@gluestack-ui/switch@~0.1.29",
        "npm:@gluestack-ui/textarea@~0.1.24",
        "npm:@gluestack-ui/toast@^1.0.9",
        "npm:@gluestack-ui/tooltip@~0.1.44",
        "npm:@legendapp/motion@^2.4.0",
        "npm:@netlify/blobs@^10.7.0",
        "npm:@playwright/test@^1.58.0",
        "npm:@react-native-async-storage/async-storage@1.23.1",
        "npm:@react-native-picker/picker@^2.11.0",
        "npm:@react-navigation/native@^7.0.14",
        "npm:@supabase/supabase-js@^2.93.3",
        "npm:@types/react@~18.3.12",
        "npm:@typescript-eslint/eslint-plugin@^4.33.0",
        "npm:@typescript-eslint/parser@^4.29.0",
        "npm:ajv-keywords@^5.1.0",
        "npm:ajv@^8.17.1",
        "npm:babel-plugin-module-resolver@^5.0.2",
        "npm:eslint-config-prettier@^8.3.0",
        "npm:eslint-plugin-import@^2.22.1",
        "npm:eslint-plugin-jsx-a11y@^6.4.1",
        "npm:eslint-plugin-prettier@^3.4.0",
        "npm:eslint-plugin-react-hooks@^4.2.0",
        "npm:eslint-plugin-react@^7.24.0",
        "npm:eslint@^7.32.0",
        "npm:expo-av@~15.0.2",
        "npm:expo-file-system@~18.0.11",
        "npm:expo-font@~13.0.4",
        "npm:expo-haptics@~14.0.1",
        "npm:expo-linear-gradient@~14.0.2",
        "npm:expo-linking@~7.0.5",
        "npm:expo-router@~4.0.19",
        "npm:expo-speech@~13.0.1",
        "npm:expo-splash-screen@~0.29.22",
        "npm:expo-status-bar@~2.0.1",
        "npm:expo-system-ui@~4.0.8",
        "npm:expo-updates@~0.27.4",
        "npm:expo-web-browser@~14.0.2",
        "npm:expo@~52.0.38",
        "npm:html-entities@^2.6.0",
        "npm:i18next@^25.2.1",
        "npm:jest-expo@~52.0.6",
        "npm:jest@^29.2.1",
        "npm:jscodeshift@~0.15.2",
        "npm:moti@0.30",
        "npm:nativewind@^4.1.23",
        "npm:peerjs@^1.5.5",
        "npm:prettier@^2.3.2",
        "npm:react-dom@18.3.1",
        "npm:react-i18next@^15.5.2",
        "npm:react-native-css-interop@~0.1.22",
        "npm:react-native-gesture-handler@~2.20.2",
        "npm:react-native-linear-gradient@^2.8.3",
        "npm:react-native-localize@^3.4.1",
        "npm:react-native-math-view@^3.9.5",
        "npm:react-native-reanimated@~3.16.1",
        "npm:react-native-safe-area-context@4.12.0",
        "npm:react-native-screens@4.4",
        "npm:react-native-svg-transformer@^1.5.0",
        "npm:react-native-svg@15.8.0",
        "npm:react-native-url-polyfill@3",
        "npm:react-native-web@~0.19.13",
        "npm:react-native@0.76.7",
        "npm:react-test-renderer@18.3.1",
        "npm:react@18.3.1",
        "npm:tailwindcss@^3.4.17",
        "npm:typescript@~5.3.3"
      ]
    }
  }
}
